
Microsoft Visual Studio Solution File, Format Version 12.00
# Visual Studio Version 17
VisualStudioVersion = 17.4.33122.133
MinimumVisualStudioVersion = 10.0.40219.1
Project("{FAE04EC0-301F-11D3-BF4B-00C04F79EFBC}") = "Bokningsappen", "Bokningsappen\Bokningsappen.csproj", "{4C5E01E5-011F-43C1-9EEE-05CC5833D6F9}"
EndProject
Global
	GlobalSection(SolutionConfigurationPlatforms) = preSolution
		Debug|Any CPU = Debug|Any CPU
		Release|Any CPU = Release|Any CPU
	EndGlobalSection
	GlobalSection(ProjectConfigurationPlatforms) = postSolution
		{4C5E01E5-011F-43C1-9EEE-05CC5833D6F9}.Debug|Any CPU.ActiveCfg = Debug|Any CPU
		{4C5E01E5-011F-43C1-9EEE-05CC5833D6F9}.Debug|Any CPU.Build.0 = Debug|Any CPU
		{4C5E01E5-011F-43C1-9EEE-05CC5833D6F9}.Release|Any CPU.ActiveCfg = Release|Any CPU
		{4C5E01E5-011F-43C1-9EEE-05CC5833D6F9}.Release|Any CPU.Build.0 = Release|Any CPU
	EndGlobalSection
	GlobalSection(SolutionProperties) = preSolution
		HideSolutionNode = FALSE
	EndGlobalSection
	GlobalSection(ExtensibilityGlobals) = postSolution
		SolutionGuid = {42869CBA-F336-4DDE-9B17-926B8610EBBF}
	EndGlobalSection
EndGlobal
